// !$*UTF8*$!
{
	archiveVersion = 1;
	classes = {
	};
	objectVersion = 50;
	objects = {

/* Begin PBXBuildFile section */
		169A341425A6C34500692EA3 /* CustomMetalViewApp.swift in Sources */ = {isa = PBXBuildFile; fileRef = 169A340125A6C34400692EA3 /* CustomMetalViewApp.swift */; };
		169A341525A6C34500692EA3 /* CustomMetalViewApp.swift in Sources */ = {isa = PBXBuildFile; fileRef = 169A340125A6C34400692EA3 /* CustomMetalViewApp.swift */; };
		169A341625A6C34500692EA3 /* ContentView.swift in Sources */ = {isa = PBXBuildFile; fileRef = 169A340225A6C34400692EA3 /* ContentView.swift */; };
		169A341725A6C34500692EA3 /* ContentView.swift in Sources */ = {isa = PBXBuildFile; fileRef = 169A340225A6C34400692EA3 /* ContentView.swift */; };
		169A341825A6C34500692EA3 /* Assets.xcassets in Resources */ = {isa = PBXBuildFile; fileRef = 169A340325A6C34500692EA3 /* Assets.xcassets */; };
		169A341925A6C34500692EA3 /* Assets.xcassets in Resources */ = {isa = PBXBuildFile; fileRef = 169A340325A6C34500692EA3 /* Assets.xcassets */; };
/* End PBXBuildFile section */

/* Begin PBXFileReference section */
		169A340125A6C34400692EA3 /* CustomMetalViewApp.swift */ = {isa = PBXFileReference; lastKnownFileType = sourcecode.swift; path = CustomMetalViewApp.swift; sourceTree = "<group>"; };
		169A340225A6C34400692EA3 /* ContentView.swift */ = {isa = PBXFileReference; lastKnownFileType = sourcecode.swift; path = ContentView.swift; sourceTree = "<group>"; };
		169A340325A6C34500692EA3 /* Assets.xcassets */ = {isa = PBXFileReference; lastKnownFileType = folder.assetcatalog; path = Assets.xcassets; sourceTree = "<group>"; };
		169A340825A6C34500692EA3 /* CustomMetalView.app */ = {isa = PBXFileReference; explicitFileType = wrapper.application; includeInIndex = 0; path = CustomMetalView.app; sourceTree = BUILT_PRODUCTS_DIR; };
		169A340B25A6C34500692EA3 /* Info.plist */ = {isa = PBXFileReference; lastKnownFileType = text.plist.xml; path = Info.plist; sourceTree = "<group>"; };
		169A341025A6C34500692EA3 /* CustomMetalView.app */ = {isa = PBXFileReference; explicitFileType = wrapper.application; includeInIndex = 0; path = CustomMetalView.app; sourceTree = BUILT_PRODUCTS_DIR; };
		169A341225A6C34500692EA3 /* Info.plist */ = {isa = PBXFileReference; lastKnownFileType = text.plist.xml; path = Info.plist; sourceTree = "<group>"; };
		169A341325A6C34500692EA3 /* macOS.entitlements */ = {isa = PBXFileReference; lastKnownFileType = text.plist.entitlements; path = macOS.entitlements; sourceTree = "<group>"; };
/* End PBXFileReference section */

/* Begin PBXFrameworksBuildPhase section */
		169A340525A6C34500692EA3 /* Frameworks */ = {
			isa = PBXFrameworksBuildPhase;
			buildActionMask = 2147483647;
			files = (
			);
			runOnlyForDeploymentPostprocessing = 0;
		};
		169A340D25A6C34500692EA3 /* Frameworks */ = {
			isa = PBXFrameworksBuildPhase;
			buildActionMask = 2147483647;
			files = (
			);
			runOnlyForDeploymentPostprocessing = 0;
		};
/* End PBXFrameworksBuildPhase section */

/* Begin PBXGroup section */
		169A33FB25A6C34400692EA3 = {
			isa = PBXGroup;
			children = (
				169A340025A6C34400692EA3 /* Shared */,
				169A340A25A6C34500692EA3 /* iOS */,
				169A341125A6C34500692EA3 /* macOS */,
				169A340925A6C34500692EA3 /* Products */,
			);
			sourceTree = "<group>";
		};
		169A340025A6C34400692EA3 /* Shared */ = {
			isa = PBXGroup;
			children = (
				169A340125A6C34400692EA3 /* CustomMetalViewApp.swift */,
				169A340225A6C34400692EA3 /* ContentView.swift */,
				169A340325A6C34500692EA3 /* Assets.xcassets */,
			);
			path = Shared;
			sourceTree = "<group>";
		};
		169A340925A6C34500692EA3 /* Products */ = {
			isa = PBXGroup;
			children = (
				169A340825A6C34500692EA3 /* CustomMetalView.app */,
				169A341025A6C34500692EA3 /* CustomMetalView.app */,
			);
			name = Products;
			sourceTree = "<group>";
		};
		169A340A25A6C34500692EA3 /* iOS */ = {
			isa = PBXGroup;
			children = (
				169A340B25A6C34500692EA3 /* Info.plist */,
			);
			path = iOS;
			sourceTree = "<group>";
		};
		169A341125A6C34500692EA3 /* macOS */ = {
			isa = PBXGroup;
			children = (
				169A341225A6C34500692EA3 /* Info.plist */,
				169A341325A6C34500692EA3 /* macOS.entitlements */,
			);
			path = macOS;
			sourceTree = "<group>";
		};
/* End PBXGroup section */

/* Begin PBXNativeTarget section */
		169A340725A6C34500692EA3 /* CustomMetalView (iOS) */ = {
			isa = PBXNativeTarget;
			buildConfigurationList = 169A341C25A6C34500692EA3 /* Build configuration list for PBXNativeTarget "CustomMetalView (iOS)" */;
			buildPhases = (
				169A340425A6C34500692EA3 /* Sources */,
				169A340525A6C34500692EA3 /* Frameworks */,
				169A340625A6C34500692EA3 /* Resources */,
			);
			buildRules = (
			);
			dependencies = (
			);
			name = "CustomMetalView (iOS)";
			productName = "CustomMetalView (iOS)";
			productReference = 169A340825A6C34500692EA3 /* CustomMetalView.app */;
			productType = "com.apple.product-type.application";
		};
		169A340F25A6C34500692EA3 /* CustomMetalView (macOS) */ = {
			isa = PBXNativeTarget;
			buildConfigurationList = 169A341F25A6C34500692EA3 /* Build configuration list for PBXNativeTarget "CustomMetalView (macOS)" */;
			buildPhases = (
				169A340C25A6C34500692EA3 /* Sources */,
				169A340D25A6C34500692EA3 /* Frameworks */,
				169A340E25A6C34500692EA3 /* Resources */,
			);
			buildRules = (
			);
			dependencies = (
			);
			name = "CustomMetalView (macOS)";
			productName = "CustomMetalView (macOS)";
			productReference = 169A341025A6C34500692EA3 /* CustomMetalView.app */;
			productType = "com.apple.product-type.application";
		};
/* End PBXNativeTarget section */

/* Begin PBXProject section */
		169A33FC25A6C34400692EA3 /* Project object */ = {
			isa = PBXProject;
			attributes = {
				LastSwiftUpdateCheck = 1230;
				LastUpgradeCheck = 1230;
				TargetAttributes = {
					169A340725A6C34500692EA3 = {
						CreatedOnToolsVersion = 12.3;
					};
					169A340F25A6C34500692EA3 = {
						CreatedOnToolsVersion = 12.3;
					};
				};
			};
			buildConfigurationList = 169A33FF25A6C34400692EA3 /* Build configuration list for PBXProject "CustomMetalView" */;
			compatibilityVersion = "Xcode 9.3";
			developmentRegion = en;
			hasScannedForEncodings = 0;
			knownRegions = (
				en,
				Base,
			);
			mainGroup = 169A33FB25A6C34400692EA3;
			productRefGroup = 169A340925A6C34500692EA3 /* Products */;
			projectDirPath = "";
			projectRoot = "";
			targets = (
				169A340725A6C34500692EA3 /* CustomMetalView (iOS) */,
				169A340F25A6C34500692EA3 /* CustomMetalView (macOS) */,
			);
		};
/* End PBXProject section */

/* Begin PBXResourcesBuildPhase section */
		169A340625A6C34500692EA3 /* Resources */ = {
			isa = PBXResourcesBuildPhase;
			buildActionMask = 2147483647;
			files = (
				169A341825A6C34500692EA3 /* Assets.xcassets in Resources */,
			);
			runOnlyForDeploymentPostprocessing = 0;
		};
		169A340E25A6C34500692EA3 /* Resources */ = {
			isa = PBXResourcesBuildPhase;
			buildActionMask = 2147483647;
			files = (
				169A341925A6C34500692EA3 /* Assets.xcassets in Resources */,
			);
			runOnlyForDeploymentPostprocessing = 0;
		};
/* End PBXResourcesBuildPhase section */

/* Begin PBXSourcesBuildPhase section */
		169A340425A6C34500692EA3 /* Sources */ = {
			isa = PBXSourcesBuildPhase;
			buildActionMask = 2147483647;
			files = (
				169A341625A6C34500692EA3 /* ContentView.swift in Sources */,
				169A341425A6C34500692EA3 /* CustomMetalViewApp.swift in Sources */,
			);
			runOnlyForDeploymentPostprocessing = 0;
		};
		169A340C25A6C34500692EA3 /* Sources */ = {
			isa = PBXSourcesBuildPhase;
			buildActionMask = 2147483647;
			files = (
				169A341725A6C34500692EA3 /* ContentView.swift in Sources */,
				169A341525A6C34500692EA3 /* CustomMetalViewApp.swift in Sources */,
			);
			runOnlyForDeploymentPostprocessing = 0;
		};
/* End PBXSourcesBuildPhase section */

/* Begin XCBuildConfiguration section */
		169A341A25A6C34500692EA3 /* Debug */ = {
			isa = XCBuildConfiguration;
			buildSettings = {
				ALWAYS_SEARCH_USER_PATHS = NO;
				CLANG_ANALYZER_NONNULL = YES;
				CLANG_ANALYZER_NUMBER_OBJECT_CONVERSION = YES_AGGRESSIVE;
				CLANG_CXX_LANGUAGE_STANDARD = "gnu++14";
				CLANG_CXX_LIBRARY = "libc++";
				CLANG_ENABLE_MODULES = YES;
				CLANG_ENABLE_OBJC_ARC = YES;
				CLANG_ENABLE_OBJC_WEAK = YES;
				CLANG_WARN_BLOCK_CAPTURE_AUTORELEASING = YES;
				CLANG_WARN_BOOL_CONVERSION = YES;
				CLANG_WARN_COMMA = YES;
				CLANG_WARN_CONSTANT_CONVERSION = YES;
				CLANG_WARN_DEPRECATED_OBJC_IMPLEMENTATIONS = YES;
				CLANG_WARN_DIRECT_OBJC_ISA_USAGE = YES_ERROR;
				CLANG_WARN_DOCUMENTATION_COMMENTS = YES;
				CLANG_WARN_EMPTY_BODY = YES;
				CLANG_WARN_ENUM_CONVERSION = YES;
				CLANG_WARN_INFINITE_RECURSION = YES;
				CLANG_WARN_INT_CONVERSION = YES;
				CLANG_WARN_NON_LITERAL_NULL_CONVERSION = YES;
				CLANG_WARN_OBJC_IMPLICIT_RETAIN_SELF = YES;
				CLANG_WARN_OBJC_LITERAL_CONVERSION = YES;
				CLANG_WARN_OBJC_ROOT_CLASS = YES_ERROR;
				CLANG_WARN_QUOTED_INCLUDE_IN_FRAMEWORK_HEADER = YES;
				CLANG_WARN_RANGE_LOOP_ANALYSIS = YES;
				CLANG_WARN_STRICT_PROTOTYPES = YES;
				CLANG_WARN_SUSPICIOUS_MOVE = YES;
				CLANG_WARN_UNGUARDED_AVAILABILITY = YES_AGGRESSIVE;
				CLANG_WARN_UNREACHABLE_CODE = YES;
				CLANG_WARN__DUPLICATE_METHOD_MATCH = YES;
				COPY_PHASE_STRIP = NO;
				DEBUG_INFORMATION_FORMAT = dwarf;
				ENABLE_STRICT_OBJC_MSGSEND = YES;
				ENABLE_TESTABILITY = YES;
				GCC_C_LANGUAGE_STANDARD = gnu11;
				GCC_DYNAMIC_NO_PIC = NO;
				GCC_NO_COMMON_BLOCKS = YES;
				GCC_OPTIMIZATION_LEVEL = 0;
				GCC_PREPROCESSOR_DEFINITIONS = (
					"DEBUG=1",
					"$(inherited)",
				);
				GCC_WARN_64_TO_32_BIT_CONVERSION = YES;
				GCC_WARN_ABOUT_RETURN_TYPE = YES_ERROR;
				GCC_WARN_UNDECLARED_SELECTOR = YES;
				GCC_WARN_UNINITIALIZED_AUTOS = YES_AGGRESSIVE;
				GCC_WARN_UNUSED_FUNCTION = YES;
				GCC_WARN_UNUSED_VARIABLE = YES;
				MTL_ENABLE_DEBUG_INFO = INCLUDE_SOURCE;
				MTL_FAST_MATH = YES;
				ONLY_ACTIVE_ARCH = YES;
				SWIFT_ACTIVE_COMPILATION_CONDITIONS = DEBUG;
				SWIFT_OPTIMIZATION_LEVEL = "-Onone";
			};
			name = Debug;
		};
		169A341B25A6C34500692EA3 /* Release */ = {
			isa = XCBuildConfiguration;
			buildSettings = {
				ALWAYS_SEARCH_USER_PATHS = NO;
				CLANG_ANALYZER_NONNULL = YES;
				CLANG_ANALYZER_NUMBER_OBJECT_CONVERSION = YES_AGGRESSIVE;
				CLANG_CXX_LANGUAGE_STANDARD = "gnu++14";
				CLANG_CXX_LIBRARY = "libc++";
				CLANG_ENABLE_MODULES = YES;
				CLANG_ENABLE_OBJC_ARC = YES;
				CLANG_ENABLE_OBJC_WEAK = YES;
				CLANG_WARN_BLOCK_CAPTURE_AUTORELEASING = YES;
				CLANG_WARN_BOOL_CONVERSION = YES;
				CLANG_WARN_COMMA = YES;
				CLANG_WARN_CONSTANT_CONVERSION = YES;
				CLANG_WARN_DEPRECATED_OBJC_IMPLEMENTATIONS = YES;
				CLANG_WARN_DIRECT_OBJC_ISA_USAGE = YES_ERROR;
				CLANG_WARN_DOCUMENTATION_COMMENTS = YES;
				CLANG_WARN_EMPTY_BODY = YES;
				CLANG_WARN_ENUM_CONVERSION = YES;
				CLANG_WARN_INFINITE_RECURSION = YES;
				CLANG_WARN_INT_CONVERSION = YES;
				CLANG_WARN_NON_LITERAL_NULL_CONVERSION = YES;
				CLANG_WARN_OBJC_IMPLICIT_RETAIN_SELF = YES;
				CLANG_WARN_OBJC_LITERAL_CONVERSION = YES;
				CLANG_WARN_OBJC_ROOT_CLASS = YES_ERROR;
				CLANG_WARN_QUOTED_INCLUDE_IN_FRAMEWORK_HEADER = YES;
				CLANG_WARN_RANGE_LOOP_ANALYSIS = YES;
				CLANG_WARN_STRICT_PROTOTYPES = YES;
				CLANG_WARN_SUSPICIOUS_MOVE = YES;
				CLANG_WARN_UNGUARDED_AVAILABILITY = YES_AGGRESSIVE;
				CLANG_WARN_UNREACHABLE_CODE = YES;
				CLANG_WARN__DUPLICATE_METHOD_MATCH = YES;
				COPY_PHASE_STRIP = NO;
				DEBUG_INFORMATION_FORMAT = "dwarf-with-dsym";
				ENABLE_NS_ASSERTIONS = NO;
				ENABLE_STRICT_OBJC_MSGSEND = YES;
				GCC_C_LANGUAGE_STANDARD = gnu11;
				GCC_NO_COMMON_BLOCKS = YES;
				GCC_WARN_64_TO_32_BIT_CONVERSION = YES;
				GCC_WARN_ABOUT_RETURN_TYPE = YES_ERROR;
				GCC_WARN_UNDECLARED_SELECTOR = YES;
				GCC_WARN_UNINITIALIZED_AUTOS = YES_AGGRESSIVE;
				GCC_WARN_UNUSED_FUNCTION = YES;
				GCC_WARN_UNUSED_VARIABLE = YES;
				MTL_ENABLE_DEBUG_INFO = NO;
				MTL_FAST_MATH = YES;
				SWIFT_COMPILATION_MODE = wholemodule;
				SWIFT_OPTIMIZATION_LEVEL = "-O";
			};
			name = Release;
		};
		169A341D25A6C34500692EA3 /* Debug */ = {
			isa = XCBuildConfiguration;
			buildSettings = {
				ASSETCATALOG_COMPILER_APPICON_NAME = AppIcon;
				ASSETCATALOG_COMPILER_GLOBAL_ACCENT_COLOR_NAME = AccentColor;
				CODE_SIGN_STYLE = Automatic;
				DEVELOPMENT_TEAM = LL3S2294AK;
				ENABLE_PREVIEWS = YES;
				INFOPLIST_FILE = iOS/Info.plist;
				IPHONEOS_DEPLOYMENT_TARGET = 14.0;
				LD_RUNPATH_SEARCH_PATHS = (
					"$(inherited)",
					"@executable_path/Frameworks",
				);
				PRODUCT_BUNDLE_IDENTIFIER = com.sijostudios.CustomMetalView;
				PRODUCT_NAME = CustomMetalView;
				SDKROOT = iphoneos;
				SWIFT_VERSION = 5.0;
				TARGETED_DEVICE_FAMILY = "1,2";
			};
			name = Debug;
		};
		169A341E25A6C34500692EA3 /* Release */ = {
			isa = XCBuildConfiguration;
			buildSettings = {
				ASSETCATALOG_COMPILER_APPICON_NAME = AppIcon;
				ASSETCATALOG_COMPILER_GLOBAL_ACCENT_COLOR_NAME = AccentColor;
				CODE_SIGN_STYLE = Automatic;
				DEVELOPMENT_TEAM = LL3S2294AK;
				ENABLE_PREVIEWS = YES;
				INFOPLIST_FILE = iOS/Info.plist;
				IPHONEOS_DEPLOYMENT_TARGET = 14.0;
				LD_RUNPATH_SEARCH_PATHS = (
					"$(inherited)",
					"@executable_path/Frameworks",
				);
				PRODUCT_BUNDLE_IDENTIFIER = com.sijostudios.CustomMetalView;
				PRODUCT_NAME = CustomMetalView;
				SDKROOT = iphoneos;
				SWIFT_VERSION = 5.0;
				TARGETED_DEVICE_FAMILY = "1,2";
				VALIDATE_PRODUCT = YES;
			};
			name = Release;
		};
		169A342025A6C34500692EA3 /* Debug */ = {
			isa = XCBuildConfiguration;
			buildSettings = {
				ASSETCATALOG_COMPILER_APPICON_NAME = AppIcon;
				ASSETCATALOG_COMPILER_GLOBAL_ACCENT_COLOR_NAME = AccentColor;
				CODE_SIGN_ENTITLEMENTS = macOS/macOS.entitlements;
				CODE_SIGN_STYLE = Automatic;
				COMBINE_HIDPI_IMAGES = YES;
				DEVELOPMENT_TEAM = LL3S2294AK;
				ENABLE_HARDENED_RUNTIME = YES;
				ENABLE_PREVIEWS = YES;
				INFOPLIST_FILE = macOS/Info.plist;
				LD_RUNPATH_SEARCH_PATHS = (
					"$(inherited)",
					"@executable_path/../Frameworks",
				);
				MACOSX_DEPLOYMENT_TARGET = 11.0;
				PRODUCT_BUNDLE_IDENTIFIER = com.sijostudios.CustomMetalView;
				PRODUCT_NAME = CustomMetalView;
				SDKROOT = macosx;
				SWIFT_VERSION = 5.0;
			};
			name = Debug;
		};
		169A342125A6C34500692EA3 /* Release */ = {
			isa = XCBuildConfiguration;
			buildSettings = {
				ASSETCATALOG_COMPILER_APPICON_NAME = AppIcon;
				ASSETCATALOG_COMPILER_GLOBAL_ACCENT_COLOR_NAME = AccentColor;
				CODE_SIGN_ENTITLEMENTS = macOS/macOS.entitlements;
				CODE_SIGN_STYLE = Automatic;
				COMBINE_HIDPI_IMAGES = YES;
				DEVELOPMENT_TEAM = LL3S2294AK;
				ENABLE_HARDENED_RUNTIME = YES;
				ENABLE_PREVIEWS = YES;
				INFOPLIST_FILE = macOS/Info.plist;
				LD_RUNPATH_SEARCH_PATHS = (
					"$(inherited)",
					"@executable_path/../Frameworks",
				);
				MACOSX_DEPLOYMENT_TARGET = 11.0;
				PRODUCT_BUNDLE_IDENTIFIER = com.sijostudios.CustomMetalView;
				PRODUCT_NAME = CustomMetalView;
				SDKROOT = macosx;
				SWIFT_VERSION = 5.0;
			};
			name = Release;
		};
/* End XCBuildConfiguration section */

/* Begin XCConfigurationList section */
		169A33FF25A6C34400692EA3 /* Build configuration list for PBXProject "CustomMetalView" */ = {
			isa = XCConfigurationList;
			buildConfigurations = (
				169A341A25A6C34500692EA3 /* Debug */,
				169A341B25A6C34500692EA3 /* Release */,
			);
			defaultConfigurationIsVisible = 0;
			defaultConfigurationName = Release;
		};
		169A341C25A6C34500692EA3 /* Build configuration list for PBXNativeTarget "CustomMetalView (iOS)" */ = {
			isa = XCConfigurationList;
			buildConfigurations = (
				169A341D25A6C34500692EA3 /* Debug */,
				169A341E25A6C34500692EA3 /* Release */,
			);
			defaultConfigurationIsVisible = 0;
			defaultConfigurationName = Release;
		};
		169A341F25A6C34500692EA3 /* Build configuration list for PBXNativeTarget "CustomMetalView (macOS)" */ = {
			isa = XCConfigurationList;
			buildConfigurations = (
				169A342025A6C34500692EA3 /* Debug */,
				169A342125A6C34500692EA3 /* Release */,
			);
			defaultConfigurationIsVisible = 0;
			defaultConfigurationName = Release;
		};
/* End XCConfigurationList section */
	};
	rootObject = 169A33FC25A6C34400692EA3 /* Project object */;
}
